
Microsoft Visual Studio Solution File, Format Version 12.00
# Visual Studio Version 17
VisualStudioVersion = 17.0.31903.59
MinimumVisualStudioVersion = 10.0.40219.1
Project("{2150E333-8FDC-42A3-9474-1A3956D46DE8}") = "src", "src", "{F2BA8461-B0B0-48D0-8FBF-5BB76C39B80B}"
EndProject
Project("{F2A71F9B-5D33-465A-A702-920D77279786}") = "Interpreter", "src\Interpreter\Interpreter.fsproj", "{345F242A-8F6F-44C9-BB7D-0B8CB96E7DC0}"
EndProject
Project("{F2A71F9B-5D33-465A-A702-920D77279786}") = "Interpreter-Tests", "src\Interpreter-Tests\Interpreter-Tests.fsproj", "{F1E09E97-962A-445F-A2B4-169F833C1B10}"
EndProject
Project("{FAE04EC0-301F-11D3-BF4B-00C04F79EFBC}") = "GUI", "src\GUI\GUI.csproj", "{EFB130AF-A96F-439F-935E-C3CB53048B25}"
EndProject
Global
	GlobalSection(SolutionConfigurationPlatforms) = preSolution
		Debug|Any CPU = Debug|Any CPU
		Release|Any CPU = Release|Any CPU
	EndGlobalSection
	GlobalSection(SolutionProperties) = preSolution
		HideSolutionNode = FALSE
	EndGlobalSection
	GlobalSection(ProjectConfigurationPlatforms) = postSolution
		{345F242A-8F6F-44C9-BB7D-0B8CB96E7DC0}.Debug|Any CPU.ActiveCfg = Debug|Any CPU
		{345F242A-8F6F-44C9-BB7D-0B8CB96E7DC0}.Debug|Any CPU.Build.0 = Debug|Any CPU
		{345F242A-8F6F-44C9-BB7D-0B8CB96E7DC0}.Release|Any CPU.ActiveCfg = Release|Any CPU
		{345F242A-8F6F-44C9-BB7D-0B8CB96E7DC0}.Release|Any CPU.Build.0 = Release|Any CPU
		{F1E09E97-962A-445F-A2B4-169F833C1B10}.Debug|Any CPU.ActiveCfg = Debug|Any CPU
		{F1E09E97-962A-445F-A2B4-169F833C1B10}.Debug|Any CPU.Build.0 = Debug|Any CPU
		{F1E09E97-962A-445F-A2B4-169F833C1B10}.Release|Any CPU.ActiveCfg = Release|Any CPU
		{F1E09E97-962A-445F-A2B4-169F833C1B10}.Release|Any CPU.Build.0 = Release|Any CPU
		{EFB130AF-A96F-439F-935E-C3CB53048B25}.Debug|Any CPU.ActiveCfg = Debug|Any CPU
		{EFB130AF-A96F-439F-935E-C3CB53048B25}.Debug|Any CPU.Build.0 = Debug|Any CPU
		{EFB130AF-A96F-439F-935E-C3CB53048B25}.Release|Any CPU.ActiveCfg = Release|Any CPU
		{EFB130AF-A96F-439F-935E-C3CB53048B25}.Release|Any CPU.Build.0 = Release|Any CPU
	EndGlobalSection
	GlobalSection(NestedProjects) = preSolution
		{345F242A-8F6F-44C9-BB7D-0B8CB96E7DC0} = {F2BA8461-B0B0-48D0-8FBF-5BB76C39B80B}
		{F1E09E97-962A-445F-A2B4-169F833C1B10} = {F2BA8461-B0B0-48D0-8FBF-5BB76C39B80B}
	EndGlobalSection
EndGlobal
